// !$*UTF8*$!
{
	archiveVersion = 1;
	classes = {
	};
	objectVersion = 46;
	objects = {

/* Begin PBXBuildFile section */
		99FAA4BE1A428A3000C55898 /* main.m in Sources */ = {isa = PBXBuildFile; fileRef = 99FAA4B91A428A3000C55898 /* main.m */; };
		99FAA4BF1A428A3000C55898 /* NSArray+MMLog.m in Sources */ = {isa = PBXBuildFile; fileRef = 99FAA4BB1A428A3000C55898 /* NSArray+MMLog.m */; };
		99FAA4C01A428A3000C55898 /* NSArray+MMSorting.m in Sources */ = {isa = PBXBuildFile; fileRef = 99FAA4BD1A428A3000C55898 /* NSArray+MMSorting.m */; };
		99FAA5071A43DF7100C55898 /* MMFibonacci.m in Sources */ = {isa = PBXBuildFile; fileRef = 99FAA5061A43DF7100C55898 /* MMFibonacci.m */; };
		99FAA5111A43E13800C55898 /* MMSortingTest.m in Sources */ = {isa = PBXBuildFile; fileRef = 99FAA5101A43E13800C55898 /* MMSortingTest.m */; };
		99FAA5151A43E3A100C55898 /* MMFibonacci.m in Sources */ = {isa = PBXBuildFile; fileRef = 99FAA5061A43DF7100C55898 /* MMFibonacci.m */; };
		99FAA5161A43E3A300C55898 /* NSArray+MMSorting.m in Sources */ = {isa = PBXBuildFile; fileRef = 99FAA4BD1A428A3000C55898 /* NSArray+MMSorting.m */; };
		99FAA5171A43E3A600C55898 /* NSArray+MMLog.m in Sources */ = {isa = PBXBuildFile; fileRef = 99FAA4BB1A428A3000C55898 /* NSArray+MMLog.m */; };
		99FAA5191A43E4E600C55898 /* MMFibonacciTest.m in Sources */ = {isa = PBXBuildFile; fileRef = 99FAA5181A43E4E600C55898 /* MMFibonacciTest.m */; };
		9D6EEFA51A4FF87300282A41 /* NSArray+MMSearching.m in Sources */ = {isa = PBXBuildFile; fileRef = 9D6EEFA41A4FF87300282A41 /* NSArray+MMSearching.m */; };
		9D6EEFA61A4FF87300282A41 /* NSArray+MMSearching.m in Sources */ = {isa = PBXBuildFile; fileRef = 9D6EEFA41A4FF87300282A41 /* NSArray+MMSearching.m */; };
		9D6EEFA81A4FFBC400282A41 /* MMSearchingTest.m in Sources */ = {isa = PBXBuildFile; fileRef = 9D6EEFA71A4FFBC400282A41 /* MMSearchingTest.m */; };
/* End PBXBuildFile section */

/* Begin PBXCopyFilesBuildPhase section */
		99FAA4A71A42708B00C55898 /* CopyFiles */ = {
			isa = PBXCopyFilesBuildPhase;
			buildActionMask = 2147483647;
			dstPath = /usr/share/man/man1/;
			dstSubfolderSpec = 0;
			files = (
			);
			runOnlyForDeploymentPostprocessing = 1;
		};
/* End PBXCopyFilesBuildPhase section */

/* Begin PBXFileReference section */
		99FAA4A91A42708B00C55898 /* MMAlgorithms */ = {isa = PBXFileReference; explicitFileType = "compiled.mach-o.executable"; includeInIndex = 0; path = MMAlgorithms; sourceTree = BUILT_PRODUCTS_DIR; };
		99FAA4B91A428A3000C55898 /* main.m */ = {isa = PBXFileReference; fileEncoding = 4; lastKnownFileType = sourcecode.c.objc; path = main.m; sourceTree = SOURCE_ROOT; };
		99FAA4BA1A428A3000C55898 /* NSArray+MMLog.h */ = {isa = PBXFileReference; fileEncoding = 4; lastKnownFileType = sourcecode.c.h; path = "NSArray+MMLog.h"; sourceTree = SOURCE_ROOT; };
		99FAA4BB1A428A3000C55898 /* NSArray+MMLog.m */ = {isa = PBXFileReference; fileEncoding = 4; lastKnownFileType = sourcecode.c.objc; path = "NSArray+MMLog.m"; sourceTree = SOURCE_ROOT; };
		99FAA4BC1A428A3000C55898 /* NSArray+MMSorting.h */ = {isa = PBXFileReference; fileEncoding = 4; lastKnownFileType = sourcecode.c.h; path = "NSArray+MMSorting.h"; sourceTree = SOURCE_ROOT; };
		99FAA4BD1A428A3000C55898 /* NSArray+MMSorting.m */ = {isa = PBXFileReference; fileEncoding = 4; lastKnownFileType = sourcecode.c.objc; path = "NSArray+MMSorting.m"; sourceTree = SOURCE_ROOT; };
		99FAA5051A43DF7100C55898 /* MMFibonacci.h */ = {isa = PBXFileReference; fileEncoding = 4; lastKnownFileType = sourcecode.c.h; path = MMFibonacci.h; sourceTree = SOURCE_ROOT; };
		99FAA5061A43DF7100C55898 /* MMFibonacci.m */ = {isa = PBXFileReference; fileEncoding = 4; lastKnownFileType = sourcecode.c.objc; path = MMFibonacci.m; sourceTree = SOURCE_ROOT; };
		99FAA50C1A43E13800C55898 /* MMAlgorithmsTest.xctest */ = {isa = PBXFileReference; explicitFileType = wrapper.cfbundle; includeInIndex = 0; path = MMAlgorithmsTest.xctest; sourceTree = BUILT_PRODUCTS_DIR; };
		99FAA50F1A43E13800C55898 /* Info.plist */ = {isa = PBXFileReference; lastKnownFileType = text.plist.xml; path = Info.plist; sourceTree = "<group>"; };
		99FAA5101A43E13800C55898 /* MMSortingTest.m */ = {isa = PBXFileReference; lastKnownFileType = sourcecode.c.objc; path = MMSortingTest.m; sourceTree = "<group>"; };
		99FAA5181A43E4E600C55898 /* MMFibonacciTest.m */ = {isa = PBXFileReference; fileEncoding = 4; lastKnownFileType = sourcecode.c.objc; path = MMFibonacciTest.m; sourceTree = "<group>"; };
		9D6EEFA31A4FF87300282A41 /* NSArray+MMSearching.h */ = {isa = PBXFileReference; fileEncoding = 4; lastKnownFileType = sourcecode.c.h; path = "NSArray+MMSearching.h"; sourceTree = SOURCE_ROOT; };
		9D6EEFA41A4FF87300282A41 /* NSArray+MMSearching.m */ = {isa = PBXFileReference; fileEncoding = 4; lastKnownFileType = sourcecode.c.objc; path = "NSArray+MMSearching.m"; sourceTree = SOURCE_ROOT; };
		9D6EEFA71A4FFBC400282A41 /* MMSearchingTest.m */ = {isa = PBXFileReference; fileEncoding = 4; lastKnownFileType = sourcecode.c.objc; path = MMSearchingTest.m; sourceTree = "<group>"; };
/* End PBXFileReference section */

/* Begin PBXFrameworksBuildPhase section */
		99FAA4A61A42708B00C55898 /* Frameworks */ = {
			isa = PBXFrameworksBuildPhase;
			buildActionMask = 2147483647;
			files = (
			);
			runOnlyForDeploymentPostprocessing = 0;
		};
		99FAA5091A43E13800C55898 /* Frameworks */ = {
			isa = PBXFrameworksBuildPhase;
			buildActionMask = 2147483647;
			files = (
			);
			runOnlyForDeploymentPostprocessing = 0;
		};
/* End PBXFrameworksBuildPhase section */

/* Begin PBXGroup section */
		99FAA4A01A42708B00C55898 = {
			isa = PBXGroup;
			children = (
				99FAA4AB1A42708B00C55898 /* MMAlgorithms */,
				99FAA50D1A43E13800C55898 /* MMAlgorithmsTest */,
				99FAA4AA1A42708B00C55898 /* Products */,
			);
			sourceTree = "<group>";
		};
		99FAA4AA1A42708B00C55898 /* Products */ = {
			isa = PBXGroup;
			children = (
				99FAA4A91A42708B00C55898 /* MMAlgorithms */,
				99FAA50C1A43E13800C55898 /* MMAlgorithmsTest.xctest */,
			);
			name = Products;
			sourceTree = "<group>";
		};
		99FAA4AB1A42708B00C55898 /* MMAlgorithms */ = {
			isa = PBXGroup;
			children = (
				99FAA4BA1A428A3000C55898 /* NSArray+MMLog.h */,
				99FAA4BB1A428A3000C55898 /* NSArray+MMLog.m */,
				99FAA4BC1A428A3000C55898 /* NSArray+MMSorting.h */,
				99FAA4BD1A428A3000C55898 /* NSArray+MMSorting.m */,
				9D6EEFA31A4FF87300282A41 /* NSArray+MMSearching.h */,
				9D6EEFA41A4FF87300282A41 /* NSArray+MMSearching.m */,
				99FAA5051A43DF7100C55898 /* MMFibonacci.h */,
				99FAA5061A43DF7100C55898 /* MMFibonacci.m */,
				99FAA4B91A428A3000C55898 /* main.m */,
			);
			path = MMAlgorithms;
			sourceTree = "<group>";
		};
		99FAA50D1A43E13800C55898 /* MMAlgorithmsTest */ = {
			isa = PBXGroup;
			children = (
				99FAA5101A43E13800C55898 /* MMSortingTest.m */,
				99FAA5181A43E4E600C55898 /* MMFibonacciTest.m */,
				9D6EEFA71A4FFBC400282A41 /* MMSearchingTest.m */,
				99FAA50E1A43E13800C55898 /* Supporting Files */,
			);
			path = MMAlgorithmsTest;
			sourceTree = "<group>";
		};
		99FAA50E1A43E13800C55898 /* Supporting Files */ = {
			isa = PBXGroup;
			children = (
				99FAA50F1A43E13800C55898 /* Info.plist */,
			);
			name = "Supporting Files";
			sourceTree = "<group>";
		};
/* End PBXGroup section */

/* Begin PBXNativeTarget section */
		99FAA4A81A42708B00C55898 /* MMAlgorithms */ = {
			isa = PBXNativeTarget;
			buildConfigurationList = 99FAA4B01A42708B00C55898 /* Build configuration list for PBXNativeTarget "MMAlgorithms" */;
			buildPhases = (
				99FAA4A51A42708B00C55898 /* Sources */,
				99FAA4A61A42708B00C55898 /* Frameworks */,
				99FAA4A71A42708B00C55898 /* CopyFiles */,
			);
			buildRules = (
			);
			dependencies = (
			);
			name = MMAlgorithms;
			productName = MMAlgorithms;
			productReference = 99FAA4A91A42708B00C55898 /* MMAlgorithms */;
			productType = "com.apple.product-type.tool";
		};
		99FAA50B1A43E13800C55898 /* MMAlgorithmsTest */ = {
			isa = PBXNativeTarget;
			buildConfigurationList = 99FAA5121A43E13800C55898 /* Build configuration list for PBXNativeTarget "MMAlgorithmsTest" */;
			buildPhases = (
				99FAA5081A43E13800C55898 /* Sources */,
				99FAA5091A43E13800C55898 /* Frameworks */,
				99FAA50A1A43E13800C55898 /* Resources */,
			);
			buildRules = (
			);
			dependencies = (
			);
			name = MMAlgorithmsTest;
			productName = MMAlgorithmsTest;
			productReference = 99FAA50C1A43E13800C55898 /* MMAlgorithmsTest.xctest */;
			productType = "com.apple.product-type.bundle.unit-test";
		};
/* End PBXNativeTarget section */

/* Begin PBXProject section */
		99FAA4A11A42708B00C55898 /* Project object */ = {
			isa = PBXProject;
			attributes = {
				LastUpgradeCheck = 0610;
				ORGANIZATIONNAME = "Mingming Wang";
				TargetAttributes = {
					99FAA4A81A42708B00C55898 = {
						CreatedOnToolsVersion = 6.1.1;
					};
					99FAA50B1A43E13800C55898 = {
						CreatedOnToolsVersion = 6.1.1;
					};
				};
			};
			buildConfigurationList = 99FAA4A41A42708B00C55898 /* Build configuration list for PBXProject "MMAlgorithms" */;
			compatibilityVersion = "Xcode 3.2";
			developmentRegion = English;
			hasScannedForEncodings = 0;
			knownRegions = (
				en,
			);
			mainGroup = 99FAA4A01A42708B00C55898;
			productRefGroup = 99FAA4AA1A42708B00C55898 /* Products */;
			projectDirPath = "";
			projectRoot = "";
			targets = (
				99FAA4A81A42708B00C55898 /* MMAlgorithms */,
				99FAA50B1A43E13800C55898 /* MMAlgorithmsTest */,
			);
		};
/* End PBXProject section */

/* Begin PBXResourcesBuildPhase section */
		99FAA50A1A43E13800C55898 /* Resources */ = {
			isa = PBXResourcesBuildPhase;
			buildActionMask = 2147483647;
			files = (
			);
			runOnlyForDeploymentPostprocessing = 0;
		};
/* End PBXResourcesBuildPhase section */

/* Begin PBXSourcesBuildPhase section */
		99FAA4A51A42708B00C55898 /* Sources */ = {
			isa = PBXSourcesBuildPhase;
			buildActionMask = 2147483647;
			files = (
				9D6EEFA51A4FF87300282A41 /* NSArray+MMSearching.m in Sources */,
				99FAA5071A43DF7100C55898 /* MMFibonacci.m in Sources */,
				99FAA4BF1A428A3000C55898 /* NSArray+MMLog.m in Sources */,
				99FAA4C01A428A3000C55898 /* NSArray+MMSorting.m in Sources */,
				99FAA4BE1A428A3000C55898 /* main.m in Sources */,
			);
			runOnlyForDeploymentPostprocessing = 0;
		};
		99FAA5081A43E13800C55898 /* Sources */ = {
			isa = PBXSourcesBuildPhase;
			buildActionMask = 2147483647;
			files = (
				99FAA5151A43E3A100C55898 /* MMFibonacci.m in Sources */,
				9D6EEFA61A4FF87300282A41 /* NSArray+MMSearching.m in Sources */,
				99FAA5171A43E3A600C55898 /* NSArray+MMLog.m in Sources */,
				9D6EEFA81A4FFBC400282A41 /* MMSearchingTest.m in Sources */,
				99FAA5191A43E4E600C55898 /* MMFibonacciTest.m in Sources */,
				99FAA5161A43E3A300C55898 /* NSArray+MMSorting.m in Sources */,
				99FAA5111A43E13800C55898 /* MMSortingTest.m in Sources */,
			);
			runOnlyForDeploymentPostprocessing = 0;
		};
/* End PBXSourcesBuildPhase section */

/* Begin XCBuildConfiguration section */
		99FAA4AE1A42708B00C55898 /* Debug */ = {
			isa = XCBuildConfiguration;
			buildSettings = {
				ALWAYS_SEARCH_USER_PATHS = NO;
				CLANG_CXX_LANGUAGE_STANDARD = "gnu++0x";
				CLANG_CXX_LIBRARY = "libc++";
				CLANG_ENABLE_MODULES = YES;
				CLANG_ENABLE_OBJC_ARC = YES;
				CLANG_WARN_BOOL_CONVERSION = YES;
				CLANG_WARN_CONSTANT_CONVERSION = YES;
				CLANG_WARN_DIRECT_OBJC_ISA_USAGE = YES_ERROR;
				CLANG_WARN_EMPTY_BODY = YES;
				CLANG_WARN_ENUM_CONVERSION = YES;
				CLANG_WARN_INT_CONVERSION = YES;
				CLANG_WARN_OBJC_ROOT_CLASS = YES_ERROR;
				CLANG_WARN_UNREACHABLE_CODE = YES;
				CLANG_WARN__DUPLICATE_METHOD_MATCH = YES;
				COPY_PHASE_STRIP = NO;
				ENABLE_STRICT_OBJC_MSGSEND = YES;
				GCC_C_LANGUAGE_STANDARD = gnu99;
				GCC_DYNAMIC_NO_PIC = NO;
				GCC_OPTIMIZATION_LEVEL = 0;
				GCC_PREPROCESSOR_DEFINITIONS = (
					"DEBUG=1",
					"$(inherited)",
				);
				GCC_SYMBOLS_PRIVATE_EXTERN = NO;
				GCC_WARN_64_TO_32_BIT_CONVERSION = YES;
				GCC_WARN_ABOUT_RETURN_TYPE = YES_ERROR;
				GCC_WARN_UNDECLARED_SELECTOR = YES;
				GCC_WARN_UNINITIALIZED_AUTOS = YES_AGGRESSIVE;
				GCC_WARN_UNUSED_FUNCTION = YES;
				GCC_WARN_UNUSED_VARIABLE = YES;
				MACOSX_DEPLOYMENT_TARGET = 10.10;
				MTL_ENABLE_DEBUG_INFO = YES;
				ONLY_ACTIVE_ARCH = YES;
				SDKROOT = macosx;
			};
			name = Debug;
		};
		99FAA4AF1A42708B00C55898 /* Release */ = {
			isa = XCBuildConfiguration;
			buildSettings = {
				ALWAYS_SEARCH_USER_PATHS = NO;
				CLANG_CXX_LANGUAGE_STANDARD = "gnu++0x";
				CLANG_CXX_LIBRARY = "libc++";
				CLANG_ENABLE_MODULES = YES;
				CLANG_ENABLE_OBJC_ARC = YES;
				CLANG_WARN_BOOL_CONVERSION = YES;
				CLANG_WARN_CONSTANT_CONVERSION = YES;
				CLANG_WARN_DIRECT_OBJC_ISA_USAGE = YES_ERROR;
				CLANG_WARN_EMPTY_BODY = YES;
				CLANG_WARN_ENUM_CONVERSION = YES;
				CLANG_WARN_INT_CONVERSION = YES;
				CLANG_WARN_OBJC_ROOT_CLASS = YES_ERROR;
				CLANG_WARN_UNREACHABLE_CODE = YES;
				CLANG_WARN__DUPLICATE_METHOD_MATCH = YES;
				COPY_PHASE_STRIP = YES;
				DEBUG_INFORMATION_FORMAT = "dwarf-with-dsym";
				ENABLE_NS_ASSERTIONS = NO;
				ENABLE_STRICT_OBJC_MSGSEND = YES;
				GCC_C_LANGUAGE_STANDARD = gnu99;
				GCC_WARN_64_TO_32_BIT_CONVERSION = YES;
				GCC_WARN_ABOUT_RETURN_TYPE = YES_ERROR;
				GCC_WARN_UNDECLARED_SELECTOR = YES;
				GCC_WARN_UNINITIALIZED_AUTOS = YES_AGGRESSIVE;
				GCC_WARN_UNUSED_FUNCTION = YES;
				GCC_WARN_UNUSED_VARIABLE = YES;
				MACOSX_DEPLOYMENT_TARGET = 10.10;
				MTL_ENABLE_DEBUG_INFO = NO;
				SDKROOT = macosx;
			};
			name = Release;
		};
		99FAA4B11A42708B00C55898 /* Debug */ = {
			isa = XCBuildConfiguration;
			buildSettings = {
				PRODUCT_NAME = "$(TARGET_NAME)";
			};
			name = Debug;
		};
		99FAA4B21A42708B00C55898 /* Release */ = {
			isa = XCBuildConfiguration;
			buildSettings = {
				PRODUCT_NAME = "$(TARGET_NAME)";
			};
			name = Release;
		};
		99FAA5131A43E13800C55898 /* Debug */ = {
			isa = XCBuildConfiguration;
			buildSettings = {
				COMBINE_HIDPI_IMAGES = YES;
				FRAMEWORK_SEARCH_PATHS = (
					"$(DEVELOPER_FRAMEWORKS_DIR)",
					"$(inherited)",
				);
				GCC_PREPROCESSOR_DEFINITIONS = (
					"DEBUG=1",
					"$(inherited)",
				);
				INFOPLIST_FILE = MMAlgorithmsTest/Info.plist;
				LD_RUNPATH_SEARCH_PATHS = "$(inherited) @executable_path/../Frameworks @loader_path/../Frameworks";
				PRODUCT_NAME = "$(TARGET_NAME)";
			};
			name = Debug;
		};
		99FAA5141A43E13800C55898 /* Release */ = {
			isa = XCBuildConfiguration;
			buildSettings = {
				COMBINE_HIDPI_IMAGES = YES;
				FRAMEWORK_SEARCH_PATHS = (
					"$(DEVELOPER_FRAMEWORKS_DIR)",
					"$(inherited)",
				);
				INFOPLIST_FILE = MMAlgorithmsTest/Info.plist;
				LD_RUNPATH_SEARCH_PATHS = "$(inherited) @executable_path/../Frameworks @loader_path/../Frameworks";
				PRODUCT_NAME = "$(TARGET_NAME)";
			};
			name = Release;
		};
/* End XCBuildConfiguration section */

/* Begin XCConfigurationList section */
		99FAA4A41A42708B00C55898 /* Build configuration list for PBXProject "MMAlgorithms" */ = {
			isa = XCConfigurationList;
			buildConfigurations = (
				99FAA4AE1A42708B00C55898 /* Debug */,
				99FAA4AF1A42708B00C55898 /* Release */,
			);
			defaultConfigurationIsVisible = 0;
			defaultConfigurationName = Release;
		};
		99FAA4B01A42708B00C55898 /* Build configuration list for PBXNativeTarget "MMAlgorithms" */ = {
			isa = XCConfigurationList;
			buildConfigurations = (
				99FAA4B11A42708B00C55898 /* Debug */,
				99FAA4B21A42708B00C55898 /* Release */,
			);
			defaultConfigurationIsVisible = 0;
			defaultConfigurationName = Release;
		};
		99FAA5121A43E13800C55898 /* Build configuration list for PBXNativeTarget "MMAlgorithmsTest" */ = {
			isa = XCConfigurationList;
			buildConfigurations = (
				99FAA5131A43E13800C55898 /* Debug */,
				99FAA5141A43E13800C55898 /* Release */,
			);
			defaultConfigurationIsVisible = 0;
			defaultConfigurationName = Release;
		};
/* End XCConfigurationList section */
	};
	rootObject = 99FAA4A11A42708B00C55898 /* Project object */;
}
